
Microsoft Visual Studio Solution File, Format Version 12.00
# Visual Studio Version 16
VisualStudioVersion = 16.0.31702.278
MinimumVisualStudioVersion = 10.0.40219.1
Project("{8BC9CEB8-8B4A-11D0-8D11-00A0C91BC942}") = "lab_vvp_11-1", "lab_vvp_11-1\lab_vvp_11-1.vcxproj", "{FCAB08B6-1DC3-4B12-AED2-A793E2AE0FC3}"
EndProject
Global
	GlobalSection(SolutionConfigurationPlatforms) = preSolution
		Debug|x64 = Debug|x64
		Debug|x86 = Debug|x86
		Release|x64 = Release|x64
		Release|x86 = Release|x86
	EndGlobalSection
	GlobalSection(ProjectConfigurationPlatforms) = postSolution
		{FCAB08B6-1DC3-4B12-AED2-A793E2AE0FC3}.Debug|x64.ActiveCfg = Debug|x64
		{FCAB08B6-1DC3-4B12-AED2-A793E2AE0FC3}.Debug|x64.Build.0 = Debug|x64
		{FCAB08B6-1DC3-4B12-AED2-A793E2AE0FC3}.Debug|x86.ActiveCfg = Debug|Win32
		{FCAB08B6-1DC3-4B12-AED2-A793E2AE0FC3}.Debug|x86.Build.0 = Debug|Win32
		{FCAB08B6-1DC3-4B12-AED2-A793E2AE0FC3}.Release|x64.ActiveCfg = Release|x64
		{FCAB08B6-1DC3-4B12-AED2-A793E2AE0FC3}.Release|x64.Build.0 = Release|x64
		{FCAB08B6-1DC3-4B12-AED2-A793E2AE0FC3}.Release|x86.ActiveCfg = Release|Win32
		{FCAB08B6-1DC3-4B12-AED2-A793E2AE0FC3}.Release|x86.Build.0 = Release|Win32
	EndGlobalSection
	GlobalSection(SolutionProperties) = preSolution
		HideSolutionNode = FALSE
	EndGlobalSection
	GlobalSection(ExtensibilityGlobals) = postSolution
		SolutionGuid = {F40E33C1-74A2-4C81-B27D-962902A8817A}
	EndGlobalSection
EndGlobal
